github.com/mattn/go-pointer v0.0.0-20180825124634-49522c3f3791 h1:PfHMsLQJwoc0ccjK0sam6J0wQo4s8mOuAo2yQGw+T2U=
github.com/mattn/go-pointer v0.0.0-20180825124634-49522c3f3791/go.mod h1:2zXcozF6qYGgmsG+SeTZz3oAbFLdD3OWqnUbNvJZAlc=
github.com/olebedev/emitter v0.0.0-20171221095905-68bb25b251f6 h1:m0g4dRVyieASV4C7JXRwBQbEu9hgNwaJvE3/36xqI7A=
github.com/olebedev/emitter v0.0.0-20171221095905-68bb25b251f6/go.mod h1:eT2/Pcsim3XBjbvldGiJBvvgiqZkAFyiOJJsDKXs/ts=
